// !$*UTF8*$!
{
	archiveVersion = 1;
	classes = {
	};
	objectVersion = 50;
	objects = {

/* Begin PBXBuildFile section */
		00CE2C00242F7460000F8FF0 /* AppDelegate.m in Sources */ = {isa = PBXBuildFile; fileRef = 00CE2BFF242F7460000F8FF0 /* AppDelegate.m */; };
		00CE2C03242F7460000F8FF0 /* SceneDelegate.m in Sources */ = {isa = PBXBuildFile; fileRef = 00CE2C02242F7460000F8FF0 /* SceneDelegate.m */; };
		00CE2C06242F7460000F8FF0 /* ViewController.m in Sources */ = {isa = PBXBuildFile; fileRef = 00CE2C05242F7460000F8FF0 /* ViewController.m */; };
		00CE2C09242F7460000F8FF0 /* Main.storyboard in Resources */ = {isa = PBXBuildFile; fileRef = 00CE2C07242F7460000F8FF0 /* Main.storyboard */; };
		00CE2C0B242F7461000F8FF0 /* Assets.xcassets in Resources */ = {isa = PBXBuildFile; fileRef = 00CE2C0A242F7461000F8FF0 /* Assets.xcassets */; };
		00CE2C0E242F7461000F8FF0 /* LaunchScreen.storyboard in Resources */ = {isa = PBXBuildFile; fileRef = 00CE2C0C242F7461000F8FF0 /* LaunchScreen.storyboard */; };
		00CE2C11242F7461000F8FF0 /* main.m in Sources */ = {isa = PBXBuildFile; fileRef = 00CE2C10242F7461000F8FF0 /* main.m */; };
		00CE2C1A242F749E000F8FF0 /* LinkedList.m in Sources */ = {isa = PBXBuildFile; fileRef = 00CE2C19242F749E000F8FF0 /* LinkedList.m */; };
		00CE2C22242F7A3F000F8FF0 /* AlgorithmPracticeTests.m in Sources */ = {isa = PBXBuildFile; fileRef = 00CE2C21242F7A3F000F8FF0 /* AlgorithmPracticeTests.m */; };
/* End PBXBuildFile section */

/* Begin PBXContainerItemProxy section */
		00CE2C24242F7A3F000F8FF0 /* PBXContainerItemProxy */ = {
			isa = PBXContainerItemProxy;
			containerPortal = 00CE2BF3242F7460000F8FF0 /* Project object */;
			proxyType = 1;
			remoteGlobalIDString = 00CE2BFA242F7460000F8FF0;
			remoteInfo = AlgorithmPractice;
		};
/* End PBXContainerItemProxy section */

/* Begin PBXFileReference section */
		00CE2BFB242F7460000F8FF0 /* AlgorithmPractice.app */ = {isa = PBXFileReference; explicitFileType = wrapper.application; includeInIndex = 0; path = AlgorithmPractice.app; sourceTree = BUILT_PRODUCTS_DIR; };
		00CE2BFE242F7460000F8FF0 /* AppDelegate.h */ = {isa = PBXFileReference; lastKnownFileType = sourcecode.c.h; path = AppDelegate.h; sourceTree = "<group>"; };
		00CE2BFF242F7460000F8FF0 /* AppDelegate.m */ = {isa = PBXFileReference; lastKnownFileType = sourcecode.c.objc; path = AppDelegate.m; sourceTree = "<group>"; };
		00CE2C01242F7460000F8FF0 /* SceneDelegate.h */ = {isa = PBXFileReference; lastKnownFileType = sourcecode.c.h; path = SceneDelegate.h; sourceTree = "<group>"; };
		00CE2C02242F7460000F8FF0 /* SceneDelegate.m */ = {isa = PBXFileReference; lastKnownFileType = sourcecode.c.objc; path = SceneDelegate.m; sourceTree = "<group>"; };
		00CE2C04242F7460000F8FF0 /* ViewController.h */ = {isa = PBXFileReference; lastKnownFileType = sourcecode.c.h; path = ViewController.h; sourceTree = "<group>"; };
		00CE2C05242F7460000F8FF0 /* ViewController.m */ = {isa = PBXFileReference; lastKnownFileType = sourcecode.c.objc; path = ViewController.m; sourceTree = "<group>"; };
		00CE2C08242F7460000F8FF0 /* Base */ = {isa = PBXFileReference; lastKnownFileType = file.storyboard; name = Base; path = Base.lproj/Main.storyboard; sourceTree = "<group>"; };
		00CE2C0A242F7461000F8FF0 /* Assets.xcassets */ = {isa = PBXFileReference; lastKnownFileType = folder.assetcatalog; path = Assets.xcassets; sourceTree = "<group>"; };
		00CE2C0D242F7461000F8FF0 /* Base */ = {isa = PBXFileReference; lastKnownFileType = file.storyboard; name = Base; path = Base.lproj/LaunchScreen.storyboard; sourceTree = "<group>"; };
		00CE2C0F242F7461000F8FF0 /* Info.plist */ = {isa = PBXFileReference; lastKnownFileType = text.plist.xml; path = Info.plist; sourceTree = "<group>"; };
		00CE2C10242F7461000F8FF0 /* main.m */ = {isa = PBXFileReference; lastKnownFileType = sourcecode.c.objc; path = main.m; sourceTree = "<group>"; };
		00CE2C18242F749E000F8FF0 /* LinkedList.h */ = {isa = PBXFileReference; lastKnownFileType = sourcecode.c.h; path = LinkedList.h; sourceTree = "<group>"; };
		00CE2C19242F749E000F8FF0 /* LinkedList.m */ = {isa = PBXFileReference; lastKnownFileType = sourcecode.c.objc; path = LinkedList.m; sourceTree = "<group>"; };
		00CE2C1F242F7A3F000F8FF0 /* AlgorithmPracticeTests.xctest */ = {isa = PBXFileReference; explicitFileType = wrapper.cfbundle; includeInIndex = 0; path = AlgorithmPracticeTests.xctest; sourceTree = BUILT_PRODUCTS_DIR; };
		00CE2C21242F7A3F000F8FF0 /* AlgorithmPracticeTests.m */ = {isa = PBXFileReference; lastKnownFileType = sourcecode.c.objc; path = AlgorithmPracticeTests.m; sourceTree = "<group>"; };
		00CE2C23242F7A3F000F8FF0 /* Info.plist */ = {isa = PBXFileReference; lastKnownFileType = text.plist.xml; path = Info.plist; sourceTree = "<group>"; };
/* End PBXFileReference section */

/* Begin PBXFrameworksBuildPhase section */
		00CE2BF8242F7460000F8FF0 /* Frameworks */ = {
			isa = PBXFrameworksBuildPhase;
			buildActionMask = 2147483647;
			files = (
			);
			runOnlyForDeploymentPostprocessing = 0;
		};
		00CE2C1C242F7A3F000F8FF0 /* Frameworks */ = {
			isa = PBXFrameworksBuildPhase;
			buildActionMask = 2147483647;
			files = (
			);
			runOnlyForDeploymentPostprocessing = 0;
		};
/* End PBXFrameworksBuildPhase section */

/* Begin PBXGroup section */
		00CE2BF2242F7460000F8FF0 = {
			isa = PBXGroup;
			children = (
				00CE2BFD242F7460000F8FF0 /* AlgorithmPractice */,
				00CE2C20242F7A3F000F8FF0 /* AlgorithmPracticeTests */,
				00CE2BFC242F7460000F8FF0 /* Products */,
			);
			sourceTree = "<group>";
		};
		00CE2BFC242F7460000F8FF0 /* Products */ = {
			isa = PBXGroup;
			children = (
				00CE2BFB242F7460000F8FF0 /* AlgorithmPractice.app */,
				00CE2C1F242F7A3F000F8FF0 /* AlgorithmPracticeTests.xctest */,
			);
			name = Products;
			sourceTree = "<group>";
		};
		00CE2BFD242F7460000F8FF0 /* AlgorithmPractice */ = {
			isa = PBXGroup;
			children = (
				00CE2C17242F748B000F8FF0 /* LinkedList */,
				00CE2BFE242F7460000F8FF0 /* AppDelegate.h */,
				00CE2BFF242F7460000F8FF0 /* AppDelegate.m */,
				00CE2C01242F7460000F8FF0 /* SceneDelegate.h */,
				00CE2C02242F7460000F8FF0 /* SceneDelegate.m */,
				00CE2C04242F7460000F8FF0 /* ViewController.h */,
				00CE2C05242F7460000F8FF0 /* ViewController.m */,
				00CE2C07242F7460000F8FF0 /* Main.storyboard */,
				00CE2C0A242F7461000F8FF0 /* Assets.xcassets */,
				00CE2C0C242F7461000F8FF0 /* LaunchScreen.storyboard */,
				00CE2C0F242F7461000F8FF0 /* Info.plist */,
				00CE2C10242F7461000F8FF0 /* main.m */,
			);
			path = AlgorithmPractice;
			sourceTree = "<group>";
		};
		00CE2C17242F748B000F8FF0 /* LinkedList */ = {
			isa = PBXGroup;
			children = (
				00CE2C18242F749E000F8FF0 /* LinkedList.h */,
				00CE2C19242F749E000F8FF0 /* LinkedList.m */,
			);
			path = LinkedList;
			sourceTree = "<group>";
		};
		00CE2C20242F7A3F000F8FF0 /* AlgorithmPracticeTests */ = {
			isa = PBXGroup;
			children = (
				00CE2C21242F7A3F000F8FF0 /* AlgorithmPracticeTests.m */,
				00CE2C23242F7A3F000F8FF0 /* Info.plist */,
			);
			path = AlgorithmPracticeTests;
			sourceTree = "<group>";
		};
/* End PBXGroup section */

/* Begin PBXNativeTarget section */
		00CE2BFA242F7460000F8FF0 /* AlgorithmPractice */ = {
			isa = PBXNativeTarget;
			buildConfigurationList = 00CE2C14242F7461000F8FF0 /* Build configuration list for PBXNativeTarget "AlgorithmPractice" */;
			buildPhases = (
				00CE2BF7242F7460000F8FF0 /* Sources */,
				00CE2BF8242F7460000F8FF0 /* Frameworks */,
				00CE2BF9242F7460000F8FF0 /* Resources */,
			);
			buildRules = (
			);
			dependencies = (
			);
			name = AlgorithmPractice;
			productName = AlgorithmPractice;
			productReference = 00CE2BFB242F7460000F8FF0 /* AlgorithmPractice.app */;
			productType = "com.apple.product-type.application";
		};
		00CE2C1E242F7A3F000F8FF0 /* AlgorithmPracticeTests */ = {
			isa = PBXNativeTarget;
			buildConfigurationList = 00CE2C26242F7A3F000F8FF0 /* Build configuration list for PBXNativeTarget "AlgorithmPracticeTests" */;
			buildPhases = (
				00CE2C1B242F7A3F000F8FF0 /* Sources */,
				00CE2C1C242F7A3F000F8FF0 /* Frameworks */,
				00CE2C1D242F7A3F000F8FF0 /* Resources */,
			);
			buildRules = (
			);
			dependencies = (
				00CE2C25242F7A3F000F8FF0 /* PBXTargetDependency */,
			);
			name = AlgorithmPracticeTests;
			productName = AlgorithmPracticeTests;
			productReference = 00CE2C1F242F7A3F000F8FF0 /* AlgorithmPracticeTests.xctest */;
			productType = "com.apple.product-type.bundle.unit-test";
		};
/* End PBXNativeTarget section */

/* Begin PBXProject section */
		00CE2BF3242F7460000F8FF0 /* Project object */ = {
			isa = PBXProject;
			attributes = {
				LastUpgradeCheck = 1110;
				ORGANIZATIONNAME = ChenFeng;
				TargetAttributes = {
					00CE2BFA242F7460000F8FF0 = {
						CreatedOnToolsVersion = 11.1;
					};
					00CE2C1E242F7A3F000F8FF0 = {
						CreatedOnToolsVersion = 11.1;
						TestTargetID = 00CE2BFA242F7460000F8FF0;
					};
				};
			};
			buildConfigurationList = 00CE2BF6242F7460000F8FF0 /* Build configuration list for PBXProject "AlgorithmPractice" */;
			compatibilityVersion = "Xcode 9.3";
			developmentRegion = en;
			hasScannedForEncodings = 0;
			knownRegions = (
				en,
				Base,
			);
			mainGroup = 00CE2BF2242F7460000F8FF0;
			productRefGroup = 00CE2BFC242F7460000F8FF0 /* Products */;
			projectDirPath = "";
			projectRoot = "";
			targets = (
				00CE2BFA242F7460000F8FF0 /* AlgorithmPractice */,
				00CE2C1E242F7A3F000F8FF0 /* AlgorithmPracticeTests */,
			);
		};
/* End PBXProject section */

/* Begin PBXResourcesBuildPhase section */
		00CE2BF9242F7460000F8FF0 /* Resources */ = {
			isa = PBXResourcesBuildPhase;
			buildActionMask = 2147483647;
			files = (
				00CE2C0E242F7461000F8FF0 /* LaunchScreen.storyboard in Resources */,
				00CE2C0B242F7461000F8FF0 /* Assets.xcassets in Resources */,
				00CE2C09242F7460000F8FF0 /* Main.storyboard in Resources */,
			);
			runOnlyForDeploymentPostprocessing = 0;
		};
		00CE2C1D242F7A3F000F8FF0 /* Resources */ = {
			isa = PBXResourcesBuildPhase;
			buildActionMask = 2147483647;
			files = (
			);
			runOnlyForDeploymentPostprocessing = 0;
		};
/* End PBXResourcesBuildPhase section */

/* Begin PBXSourcesBuildPhase section */
		00CE2BF7242F7460000F8FF0 /* Sources */ = {
			isa = PBXSourcesBuildPhase;
			buildActionMask = 2147483647;
			files = (
				00CE2C06242F7460000F8FF0 /* ViewController.m in Sources */,
				00CE2C00242F7460000F8FF0 /* AppDelegate.m in Sources */,
				00CE2C11242F7461000F8FF0 /* main.m in Sources */,
				00CE2C1A242F749E000F8FF0 /* LinkedList.m in Sources */,
				00CE2C03242F7460000F8FF0 /* SceneDelegate.m in Sources */,
			);
			runOnlyForDeploymentPostprocessing = 0;
		};
		00CE2C1B242F7A3F000F8FF0 /* Sources */ = {
			isa = PBXSourcesBuildPhase;
			buildActionMask = 2147483647;
			files = (
				00CE2C22242F7A3F000F8FF0 /* AlgorithmPracticeTests.m in Sources */,
			);
			runOnlyForDeploymentPostprocessing = 0;
		};
/* End PBXSourcesBuildPhase section */

/* Begin PBXTargetDependency section */
		00CE2C25242F7A3F000F8FF0 /* PBXTargetDependency */ = {
			isa = PBXTargetDependency;
			target = 00CE2BFA242F7460000F8FF0 /* AlgorithmPractice */;
			targetProxy = 00CE2C24242F7A3F000F8FF0 /* PBXContainerItemProxy */;
		};
/* End PBXTargetDependency section */

/* Begin PBXVariantGroup section */
		00CE2C07242F7460000F8FF0 /* Main.storyboard */ = {
			isa = PBXVariantGroup;
			children = (
				00CE2C08242F7460000F8FF0 /* Base */,
			);
			name = Main.storyboard;
			sourceTree = "<group>";
		};
		00CE2C0C242F7461000F8FF0 /* LaunchScreen.storyboard */ = {
			isa = PBXVariantGroup;
			children = (
				00CE2C0D242F7461000F8FF0 /* Base */,
			);
			name = LaunchScreen.storyboard;
			sourceTree = "<group>";
		};
/* End PBXVariantGroup section */

/* Begin XCBuildConfiguration section */
		00CE2C12242F7461000F8FF0 /* Debug */ = {
			isa = XCBuildConfiguration;
			buildSettings = {
				ALWAYS_SEARCH_USER_PATHS = NO;
				CLANG_ANALYZER_NONNULL = YES;
				CLANG_ANALYZER_NUMBER_OBJECT_CONVERSION = YES_AGGRESSIVE;
				CLANG_CXX_LANGUAGE_STANDARD = "gnu++14";
				CLANG_CXX_LIBRARY = "libc++";
				CLANG_ENABLE_MODULES = YES;
				CLANG_ENABLE_OBJC_ARC = YES;
				CLANG_ENABLE_OBJC_WEAK = YES;
				CLANG_WARN_BLOCK_CAPTURE_AUTORELEASING = YES;
				CLANG_WARN_BOOL_CONVERSION = YES;
				CLANG_WARN_COMMA = YES;
				CLANG_WARN_CONSTANT_CONVERSION = YES;
				CLANG_WARN_DEPRECATED_OBJC_IMPLEMENTATIONS = YES;
				CLANG_WARN_DIRECT_OBJC_ISA_USAGE = YES_ERROR;
				CLANG_WARN_DOCUMENTATION_COMMENTS = YES;
				CLANG_WARN_EMPTY_BODY = YES;
				CLANG_WARN_ENUM_CONVERSION = YES;
				CLANG_WARN_INFINITE_RECURSION = YES;
				CLANG_WARN_INT_CONVERSION = YES;
				CLANG_WARN_NON_LITERAL_NULL_CONVERSION = YES;
				CLANG_WARN_OBJC_IMPLICIT_RETAIN_SELF = YES;
				CLANG_WARN_OBJC_LITERAL_CONVERSION = YES;
				CLANG_WARN_OBJC_ROOT_CLASS = YES_ERROR;
				CLANG_WARN_RANGE_LOOP_ANALYSIS = YES;
				CLANG_WARN_STRICT_PROTOTYPES = YES;
				CLANG_WARN_SUSPICIOUS_MOVE = YES;
				CLANG_WARN_UNGUARDED_AVAILABILITY = YES_AGGRESSIVE;
				CLANG_WARN_UNREACHABLE_CODE = YES;
				CLANG_WARN__DUPLICATE_METHOD_MATCH = YES;
				COPY_PHASE_STRIP = NO;
				DEBUG_INFORMATION_FORMAT = dwarf;
				ENABLE_STRICT_OBJC_MSGSEND = YES;
				ENABLE_TESTABILITY = YES;
				GCC_C_LANGUAGE_STANDARD = gnu11;
				GCC_DYNAMIC_NO_PIC = NO;
				GCC_NO_COMMON_BLOCKS = YES;
				GCC_OPTIMIZATION_LEVEL = 0;
				GCC_PREPROCESSOR_DEFINITIONS = (
					"DEBUG=1",
					"$(inherited)",
				);
				GCC_WARN_64_TO_32_BIT_CONVERSION = YES;
				GCC_WARN_ABOUT_RETURN_TYPE = YES_ERROR;
				GCC_WARN_UNDECLARED_SELECTOR = YES;
				GCC_WARN_UNINITIALIZED_AUTOS = YES_AGGRESSIVE;
				GCC_WARN_UNUSED_FUNCTION = YES;
				GCC_WARN_UNUSED_VARIABLE = YES;
				IPHONEOS_DEPLOYMENT_TARGET = 13.1;
				MTL_ENABLE_DEBUG_INFO = INCLUDE_SOURCE;
				MTL_FAST_MATH = YES;
				ONLY_ACTIVE_ARCH = YES;
				SDKROOT = iphoneos;
			};
			name = Debug;
		};
		00CE2C13242F7461000F8FF0 /* Release */ = {
			isa = XCBuildConfiguration;
			buildSettings = {
				ALWAYS_SEARCH_USER_PATHS = NO;
				CLANG_ANALYZER_NONNULL = YES;
				CLANG_ANALYZER_NUMBER_OBJECT_CONVERSION = YES_AGGRESSIVE;
				CLANG_CXX_LANGUAGE_STANDARD = "gnu++14";
				CLANG_CXX_LIBRARY = "libc++";
				CLANG_ENABLE_MODULES = YES;
				CLANG_ENABLE_OBJC_ARC = YES;
				CLANG_ENABLE_OBJC_WEAK = YES;
				CLANG_WARN_BLOCK_CAPTURE_AUTORELEASING = YES;
				CLANG_WARN_BOOL_CONVERSION = YES;
				CLANG_WARN_COMMA = YES;
				CLANG_WARN_CONSTANT_CONVERSION = YES;
				CLANG_WARN_DEPRECATED_OBJC_IMPLEMENTATIONS = YES;
				CLANG_WARN_DIRECT_OBJC_ISA_USAGE = YES_ERROR;
				CLANG_WARN_DOCUMENTATION_COMMENTS = YES;
				CLANG_WARN_EMPTY_BODY = YES;
				CLANG_WARN_ENUM_CONVERSION = YES;
				CLANG_WARN_INFINITE_RECURSION = YES;
				CLANG_WARN_INT_CONVERSION = YES;
				CLANG_WARN_NON_LITERAL_NULL_CONVERSION = YES;
				CLANG_WARN_OBJC_IMPLICIT_RETAIN_SELF = YES;
				CLANG_WARN_OBJC_LITERAL_CONVERSION = YES;
				CLANG_WARN_OBJC_ROOT_CLASS = YES_ERROR;
				CLANG_WARN_RANGE_LOOP_ANALYSIS = YES;
				CLANG_WARN_STRICT_PROTOTYPES = YES;
				CLANG_WARN_SUSPICIOUS_MOVE = YES;
				CLANG_WARN_UNGUARDED_AVAILABILITY = YES_AGGRESSIVE;
				CLANG_WARN_UNREACHABLE_CODE = YES;
				CLANG_WARN__DUPLICATE_METHOD_MATCH = YES;
				COPY_PHASE_STRIP = NO;
				DEBUG_INFORMATION_FORMAT = "dwarf-with-dsym";
				ENABLE_NS_ASSERTIONS = NO;
				ENABLE_STRICT_OBJC_MSGSEND = YES;
				GCC_C_LANGUAGE_STANDARD = gnu11;
				GCC_NO_COMMON_BLOCKS = YES;
				GCC_WARN_64_TO_32_BIT_CONVERSION = YES;
				GCC_WARN_ABOUT_RETURN_TYPE = YES_ERROR;
				GCC_WARN_UNDECLARED_SELECTOR = YES;
				GCC_WARN_UNINITIALIZED_AUTOS = YES_AGGRESSIVE;
				GCC_WARN_UNUSED_FUNCTION = YES;
				GCC_WARN_UNUSED_VARIABLE = YES;
				IPHONEOS_DEPLOYMENT_TARGET = 13.1;
				MTL_ENABLE_DEBUG_INFO = NO;
				MTL_FAST_MATH = YES;
				SDKROOT = iphoneos;
				VALIDATE_PRODUCT = YES;
			};
			name = Release;
		};
		00CE2C15242F7461000F8FF0 /* Debug */ = {
			isa = XCBuildConfiguration;
			buildSettings = {
				ASSETCATALOG_COMPILER_APPICON_NAME = AppIcon;
				CODE_SIGN_STYLE = Automatic;
				INFOPLIST_FILE = AlgorithmPractice/Info.plist;
				LD_RUNPATH_SEARCH_PATHS = (
					"$(inherited)",
					"@executable_path/Frameworks",
				);
				PRODUCT_BUNDLE_IDENTIFIER = ALiPay.AlgorithmPractice;
				PRODUCT_NAME = "$(TARGET_NAME)";
				TARGETED_DEVICE_FAMILY = "1,2";
			};
			name = Debug;
		};
		00CE2C16242F7461000F8FF0 /* Release */ = {
			isa = XCBuildConfiguration;
			buildSettings = {
				ASSETCATALOG_COMPILER_APPICON_NAME = AppIcon;
				CODE_SIGN_STYLE = Automatic;
				INFOPLIST_FILE = AlgorithmPractice/Info.plist;
				LD_RUNPATH_SEARCH_PATHS = (
					"$(inherited)",
					"@executable_path/Frameworks",
				);
				PRODUCT_BUNDLE_IDENTIFIER = ALiPay.AlgorithmPractice;
				PRODUCT_NAME = "$(TARGET_NAME)";
				TARGETED_DEVICE_FAMILY = "1,2";
			};
			name = Release;
		};
		00CE2C27242F7A3F000F8FF0 /* Debug */ = {
			isa = XCBuildConfiguration;
			buildSettings = {
				BUNDLE_LOADER = "$(TEST_HOST)";
				CODE_SIGN_STYLE = Automatic;
				INFOPLIST_FILE = AlgorithmPracticeTests/Info.plist;
				LD_RUNPATH_SEARCH_PATHS = (
					"$(inherited)",
					"@executable_path/Frameworks",
					"@loader_path/Frameworks",
				);
				PRODUCT_BUNDLE_IDENTIFIER = ALiPay.AlgorithmPracticeTests;
				PRODUCT_NAME = "$(TARGET_NAME)";
				TARGETED_DEVICE_FAMILY = "1,2";
				TEST_HOST = "$(BUILT_PRODUCTS_DIR)/AlgorithmPractice.app/AlgorithmPractice";
			};
			name = Debug;
		};
		00CE2C28242F7A3F000F8FF0 /* Release */ = {
			isa = XCBuildConfiguration;
			buildSettings = {
				BUNDLE_LOADER = "$(TEST_HOST)";
				CODE_SIGN_STYLE = Automatic;
				INFOPLIST_FILE = AlgorithmPracticeTests/Info.plist;
				LD_RUNPATH_SEARCH_PATHS = (
					"$(inherited)",
					"@executable_path/Frameworks",
					"@loader_path/Frameworks",
				);
				PRODUCT_BUNDLE_IDENTIFIER = ALiPay.AlgorithmPracticeTests;
				PRODUCT_NAME = "$(TARGET_NAME)";
				TARGETED_DEVICE_FAMILY = "1,2";
				TEST_HOST = "$(BUILT_PRODUCTS_DIR)/AlgorithmPractice.app/AlgorithmPractice";
			};
			name = Release;
		};
/* End XCBuildConfiguration section */

/* Begin XCConfigurationList section */
		00CE2BF6242F7460000F8FF0 /* Build configuration list for PBXProject "AlgorithmPractice" */ = {
			isa = XCConfigurationList;
			buildConfigurations = (
				00CE2C12242F7461000F8FF0 /* Debug */,
				00CE2C13242F7461000F8FF0 /* Release */,
			);
			defaultConfigurationIsVisible = 0;
			defaultConfigurationName = Release;
		};
		00CE2C14242F7461000F8FF0 /* Build configuration list for PBXNativeTarget "AlgorithmPractice" */ = {
			isa = XCConfigurationList;
			buildConfigurations = (
				00CE2C15242F7461000F8FF0 /* Debug */,
				00CE2C16242F7461000F8FF0 /* Release */,
			);
			defaultConfigurationIsVisible = 0;
			defaultConfigurationName = Release;
		};
		00CE2C26242F7A3F000F8FF0 /* Build configuration list for PBXNativeTarget "AlgorithmPracticeTests" */ = {
			isa = XCConfigurationList;
			buildConfigurations = (
				00CE2C27242F7A3F000F8FF0 /* Debug */,
				00CE2C28242F7A3F000F8FF0 /* Release */,
			);
			defaultConfigurationIsVisible = 0;
			defaultConfigurationName = Release;
		};
/* End XCConfigurationList section */
	};
	rootObject = 00CE2BF3242F7460000F8FF0 /* Project object */;
}
